
Microsoft Visual Studio Solution File, Format Version 12.00
# Visual Studio Version 17
VisualStudioVersion = 17.0.32112.339
MinimumVisualStudioVersion = 10.0.40219.1
Project("{FAE04EC0-301F-11D3-BF4B-00C04F79EFBC}") = "Controller", "Controller\Controller.csproj", "{48ABE455-9513-4A01-A4A8-FF483F582EAE}"
EndProject
Project("{FAE04EC0-301F-11D3-BF4B-00C04F79EFBC}") = "Model", "Model\Model.csproj", "{1778F587-0A43-43B2-9997-291D8B51CD5F}"
EndProject
Project("{FAE04EC0-301F-11D3-BF4B-00C04F79EFBC}") = "UnitTests", "UnitTests\UnitTests.csproj", "{12EE8EA3-95BE-4E27-B2D9-CFB8D42A11DA}"
EndProject
Project("{FAE04EC0-301F-11D3-BF4B-00C04F79EFBC}") = "WPF", "WPF\WPF.csproj", "{79916641-99E1-4377-A689-E030AE63CD48}"
EndProject
Global
	GlobalSection(SolutionConfigurationPlatforms) = preSolution
		Debug|Any CPU = Debug|Any CPU
		Release|Any CPU = Release|Any CPU
	EndGlobalSection
	GlobalSection(ProjectConfigurationPlatforms) = postSolution
		{48ABE455-9513-4A01-A4A8-FF483F582EAE}.Debug|Any CPU.ActiveCfg = Debug|Any CPU
		{48ABE455-9513-4A01-A4A8-FF483F582EAE}.Debug|Any CPU.Build.0 = Debug|Any CPU
		{48ABE455-9513-4A01-A4A8-FF483F582EAE}.Release|Any CPU.ActiveCfg = Release|Any CPU
		{48ABE455-9513-4A01-A4A8-FF483F582EAE}.Release|Any CPU.Build.0 = Release|Any CPU
		{1778F587-0A43-43B2-9997-291D8B51CD5F}.Debug|Any CPU.ActiveCfg = Debug|Any CPU
		{1778F587-0A43-43B2-9997-291D8B51CD5F}.Debug|Any CPU.Build.0 = Debug|Any CPU
		{1778F587-0A43-43B2-9997-291D8B51CD5F}.Release|Any CPU.ActiveCfg = Release|Any CPU
		{1778F587-0A43-43B2-9997-291D8B51CD5F}.Release|Any CPU.Build.0 = Release|Any CPU
		{12EE8EA3-95BE-4E27-B2D9-CFB8D42A11DA}.Debug|Any CPU.ActiveCfg = Debug|Any CPU
		{12EE8EA3-95BE-4E27-B2D9-CFB8D42A11DA}.Debug|Any CPU.Build.0 = Debug|Any CPU
		{12EE8EA3-95BE-4E27-B2D9-CFB8D42A11DA}.Release|Any CPU.ActiveCfg = Release|Any CPU
		{12EE8EA3-95BE-4E27-B2D9-CFB8D42A11DA}.Release|Any CPU.Build.0 = Release|Any CPU
		{79916641-99E1-4377-A689-E030AE63CD48}.Debug|Any CPU.ActiveCfg = Debug|Any CPU
		{79916641-99E1-4377-A689-E030AE63CD48}.Debug|Any CPU.Build.0 = Debug|Any CPU
		{79916641-99E1-4377-A689-E030AE63CD48}.Release|Any CPU.ActiveCfg = Release|Any CPU
		{79916641-99E1-4377-A689-E030AE63CD48}.Release|Any CPU.Build.0 = Release|Any CPU
	EndGlobalSection
	GlobalSection(SolutionProperties) = preSolution
		HideSolutionNode = FALSE
	EndGlobalSection
	GlobalSection(ExtensibilityGlobals) = postSolution
		SolutionGuid = {8E590160-E78E-49C7-9413-FD54AE3799F7}
	EndGlobalSection
EndGlobal
